{
  "pins" : [
    {
      "identity" : "w3w-swift-core",
      "kind" : "remoteSourceControl",
      "location" : "git@github.com:what3words/w3w-swift-core.git",
      "state" : {
        "branch" : "main",
        "revision" : "fe7a660fcde14827ca930787a20e9483b7d2238c"
      }
    }
  ],
  "version" : 2
}
